[[package]]
name = "stash"
version = "0.1.3"
description = "Stash data in objects"
category = "main"
optional = false
python-versions = "^3.8"
develop = false

[package.source]
type = "git"
url = "https://github.com/tombulled/stash.git"
reference = "v0.1.3"
resolved_reference = "5e1b851b2a9b1bc0bd9a4cb7de7c0340324cd391"

[metadata]
lock-version = "1.1"
python-versions = "^3.8"
content-hash = "b20622b2a9a0c1dbf353dac7eb004813f1c350751751c12970b1e54a74e02541"

[metadata.files]
stash = []
